
Microsoft Visual Studio Solution File, Format Version 12.00
# Visual Studio Version 17
VisualStudioVersion = 17.0.31903.59
MinimumVisualStudioVersion = 10.0.40219.1
Project("{2150E333-8FDC-42A3-9474-1A3956D46DE8}") = "src", "src", "{827E0CD3-B72D-47B6-A68D-7590B98EB39B}"
EndProject
Project("{FAE04EC0-301F-11D3-BF4B-00C04F79EFBC}") = "Mk20Control.App", "src\Mk20Control.App\Mk20Control.App.csproj", "{848787A9-7557-4E8D-9AFA-86342E583799}"
EndProject
Project("{FAE04EC0-301F-11D3-BF4B-00C04F79EFBC}") = "Mk20Control.Protocol", "src\Mk20Control.Protocol\Mk20Control.Protocol.csproj", "{62E9BB37-7530-4C9E-9292-79877BCD3557}"
EndProject
Project("{2150E333-8FDC-42A3-9474-1A3956D46DE8}") = "tools", "tools", "{07C2787E-EAC7-C090-1BA3-A61EC2A24D84}"
EndProject
Project("{2150E333-8FDC-42A3-9474-1A3956D46DE8}") = "AssetGenerator", "AssetGenerator", "{BE32746E-06A2-E438-ECAB-F89A7A85AE14}"
EndProject
Project("{FAE04EC0-301F-11D3-BF4B-00C04F79EFBC}") = "Mk20Control.AssetGenerator", "tools\AssetGenerator\Mk20Control.AssetGenerator.csproj", "{A3593AE9-1F85-4945-A993-93E1AA0571C7}"
EndProject
Project("{2150E333-8FDC-42A3-9474-1A3956D46DE8}") = "CaptureAnalyzer", "CaptureAnalyzer", "{B84E5827-E6C3-E3EE-A936-1BB598595896}"
EndProject
Project("{FAE04EC0-301F-11D3-BF4B-00C04F79EFBC}") = "Mk20Control.CaptureAnalyzer", "tools\CaptureAnalyzer\Mk20Control.CaptureAnalyzer.csproj", "{39C4965E-8C32-42A3-A5C4-88AC12E0D21C}"
EndProject
Global
	GlobalSection(SolutionConfigurationPlatforms) = preSolution
		Debug|Any CPU = Debug|Any CPU
		Debug|x64 = Debug|x64
		Debug|x86 = Debug|x86
		Release|Any CPU = Release|Any CPU
		Release|x64 = Release|x64
		Release|x86 = Release|x86
	EndGlobalSection
	GlobalSection(ProjectConfigurationPlatforms) = postSolution
		{848787A9-7557-4E8D-9AFA-86342E583799}.Debug|Any CPU.ActiveCfg = Debug|Any CPU
		{848787A9-7557-4E8D-9AFA-86342E583799}.Debug|Any CPU.Build.0 = Debug|Any CPU
		{848787A9-7557-4E8D-9AFA-86342E583799}.Debug|x64.ActiveCfg = Debug|Any CPU
		{848787A9-7557-4E8D-9AFA-86342E583799}.Debug|x64.Build.0 = Debug|Any CPU
		{848787A9-7557-4E8D-9AFA-86342E583799}.Debug|x86.ActiveCfg = Debug|Any CPU
		{848787A9-7557-4E8D-9AFA-86342E583799}.Debug|x86.Build.0 = Debug|Any CPU
		{848787A9-7557-4E8D-9AFA-86342E583799}.Release|Any CPU.ActiveCfg = Release|Any CPU
		{848787A9-7557-4E8D-9AFA-86342E583799}.Release|Any CPU.Build.0 = Release|Any CPU
		{848787A9-7557-4E8D-9AFA-86342E583799}.Release|x64.ActiveCfg = Release|Any CPU
		{848787A9-7557-4E8D-9AFA-86342E583799}.Release|x64.Build.0 = Release|Any CPU
		{848787A9-7557-4E8D-9AFA-86342E583799}.Release|x86.ActiveCfg = Release|Any CPU
		{848787A9-7557-4E8D-9AFA-86342E583799}.Release|x86.Build.0 = Release|Any CPU
		{62E9BB37-7530-4C9E-9292-79877BCD3557}.Debug|Any CPU.ActiveCfg = Debug|Any CPU
		{62E9BB37-7530-4C9E-9292-79877BCD3557}.Debug|Any CPU.Build.0 = Debug|Any CPU
		{62E9BB37-7530-4C9E-9292-79877BCD3557}.Debug|x64.ActiveCfg = Debug|Any CPU
		{62E9BB37-7530-4C9E-9292-79877BCD3557}.Debug|x64.Build.0 = Debug|Any CPU
		{62E9BB37-7530-4C9E-9292-79877BCD3557}.Debug|x86.ActiveCfg = Debug|Any CPU
		{62E9BB37-7530-4C9E-9292-79877BCD3557}.Debug|x86.Build.0 = Debug|Any CPU
		{62E9BB37-7530-4C9E-9292-79877BCD3557}.Release|Any CPU.ActiveCfg = Release|Any CPU
		{62E9BB37-7530-4C9E-9292-79877BCD3557}.Release|Any CPU.Build.0 = Release|Any CPU
		{62E9BB37-7530-4C9E-9292-79877BCD3557}.Release|x64.ActiveCfg = Release|Any CPU
		{62E9BB37-7530-4C9E-9292-79877BCD3557}.Release|x64.Build.0 = Release|Any CPU
		{62E9BB37-7530-4C9E-9292-79877BCD3557}.Release|x86.ActiveCfg = Release|Any CPU
		{62E9BB37-7530-4C9E-9292-79877BCD3557}.Release|x86.Build.0 = Release|Any CPU
		{A3593AE9-1F85-4945-A993-93E1AA0571C7}.Debug|Any CPU.ActiveCfg = Debug|Any CPU
		{A3593AE9-1F85-4945-A993-93E1AA0571C7}.Debug|Any CPU.Build.0 = Debug|Any CPU
		{A3593AE9-1F85-4945-A993-93E1AA0571C7}.Debug|x64.ActiveCfg = Debug|Any CPU
		{A3593AE9-1F85-4945-A993-93E1AA0571C7}.Debug|x64.Build.0 = Debug|Any CPU
		{A3593AE9-1F85-4945-A993-93E1AA0571C7}.Debug|x86.ActiveCfg = Debug|Any CPU
		{A3593AE9-1F85-4945-A993-93E1AA0571C7}.Debug|x86.Build.0 = Debug|Any CPU
		{A3593AE9-1F85-4945-A993-93E1AA0571C7}.Release|Any CPU.ActiveCfg = Release|Any CPU
		{A3593AE9-1F85-4945-A993-93E1AA0571C7}.Release|Any CPU.Build.0 = Release|Any CPU
		{A3593AE9-1F85-4945-A993-93E1AA0571C7}.Release|x64.ActiveCfg = Release|Any CPU
		{A3593AE9-1F85-4945-A993-93E1AA0571C7}.Release|x64.Build.0 = Release|Any CPU
		{A3593AE9-1F85-4945-A993-93E1AA0571C7}.Release|x86.ActiveCfg = Release|Any CPU
		{A3593AE9-1F85-4945-A993-93E1AA0571C7}.Release|x86.Build.0 = Release|Any CPU
		{39C4965E-8C32-42A3-A5C4-88AC12E0D21C}.Debug|Any CPU.ActiveCfg = Debug|Any CPU
		{39C4965E-8C32-42A3-A5C4-88AC12E0D21C}.Debug|Any CPU.Build.0 = Debug|Any CPU
		{39C4965E-8C32-42A3-A5C4-88AC12E0D21C}.Debug|x64.ActiveCfg = Debug|Any CPU
		{39C4965E-8C32-42A3-A5C4-88AC12E0D21C}.Debug|x64.Build.0 = Debug|Any CPU
		{39C4965E-8C32-42A3-A5C4-88AC12E0D21C}.Debug|x86.ActiveCfg = Debug|Any CPU
		{39C4965E-8C32-42A3-A5C4-88AC12E0D21C}.Debug|x86.Build.0 = Debug|Any CPU
		{39C4965E-8C32-42A3-A5C4-88AC12E0D21C}.Release|Any CPU.ActiveCfg = Release|Any CPU
		{39C4965E-8C32-42A3-A5C4-88AC12E0D21C}.Release|Any CPU.Build.0 = Release|Any CPU
		{39C4965E-8C32-42A3-A5C4-88AC12E0D21C}.Release|x64.ActiveCfg = Release|Any CPU
		{39C4965E-8C32-42A3-A5C4-88AC12E0D21C}.Release|x64.Build.0 = Release|Any CPU
		{39C4965E-8C32-42A3-A5C4-88AC12E0D21C}.Release|x86.ActiveCfg = Release|Any CPU
		{39C4965E-8C32-42A3-A5C4-88AC12E0D21C}.Release|x86.Build.0 = Release|Any CPU
	EndGlobalSection
	GlobalSection(SolutionProperties) = preSolution
		HideSolutionNode = FALSE
	EndGlobalSection
	GlobalSection(NestedProjects) = preSolution
		{848787A9-7557-4E8D-9AFA-86342E583799} = {827E0CD3-B72D-47B6-A68D-7590B98EB39B}
		{62E9BB37-7530-4C9E-9292-79877BCD3557} = {827E0CD3-B72D-47B6-A68D-7590B98EB39B}
		{BE32746E-06A2-E438-ECAB-F89A7A85AE14} = {07C2787E-EAC7-C090-1BA3-A61EC2A24D84}
		{A3593AE9-1F85-4945-A993-93E1AA0571C7} = {BE32746E-06A2-E438-ECAB-F89A7A85AE14}
		{B84E5827-E6C3-E3EE-A936-1BB598595896} = {07C2787E-EAC7-C090-1BA3-A61EC2A24D84}
		{39C4965E-8C32-42A3-A5C4-88AC12E0D21C} = {B84E5827-E6C3-E3EE-A936-1BB598595896}
	EndGlobalSection
EndGlobal
